
Microsoft Visual Studio Solution File, Format Version 12.00
# Visual Studio Version 17
VisualStudioVersion = 17.5.33424.131
MinimumVisualStudioVersion = 10.0.40219.1
Project("{9A19103F-16F7-4668-BE54-9A1E7A4F7556}") = "Pharmacy_Web", "Pharmacy_Web\Pharmacy_Web.csproj", "{800C33C7-8364-4B5A-B4FF-782CF57D64C2}"
EndProject
Project("{9A19103F-16F7-4668-BE54-9A1E7A4F7556}") = "Pharmacy_API", "Pharmacy_API\Pharmacy_API.csproj", "{B6A6483C-F6A2-4B05-A86F-47AD6453D425}"
EndProject
Project("{9A19103F-16F7-4668-BE54-9A1E7A4F7556}") = "BL", "BL\BL.csproj", "{2E70DF4E-F985-456A-95E6-89799C113958}"
EndProject
Global
	GlobalSection(SolutionConfigurationPlatforms) = preSolution
		Debug|Any CPU = Debug|Any CPU
		Release|Any CPU = Release|Any CPU
	EndGlobalSection
	GlobalSection(ProjectConfigurationPlatforms) = postSolution
		{800C33C7-8364-4B5A-B4FF-782CF57D64C2}.Debug|Any CPU.ActiveCfg = Debug|Any CPU
		{800C33C7-8364-4B5A-B4FF-782CF57D64C2}.Debug|Any CPU.Build.0 = Debug|Any CPU
		{800C33C7-8364-4B5A-B4FF-782CF57D64C2}.Release|Any CPU.ActiveCfg = Release|Any CPU
		{800C33C7-8364-4B5A-B4FF-782CF57D64C2}.Release|Any CPU.Build.0 = Release|Any CPU
		{B6A6483C-F6A2-4B05-A86F-47AD6453D425}.Debug|Any CPU.ActiveCfg = Debug|Any CPU
		{B6A6483C-F6A2-4B05-A86F-47AD6453D425}.Debug|Any CPU.Build.0 = Debug|Any CPU
		{B6A6483C-F6A2-4B05-A86F-47AD6453D425}.Release|Any CPU.ActiveCfg = Release|Any CPU
		{B6A6483C-F6A2-4B05-A86F-47AD6453D425}.Release|Any CPU.Build.0 = Release|Any CPU
		{2E70DF4E-F985-456A-95E6-89799C113958}.Debug|Any CPU.ActiveCfg = Debug|Any CPU
		{2E70DF4E-F985-456A-95E6-89799C113958}.Debug|Any CPU.Build.0 = Debug|Any CPU
		{2E70DF4E-F985-456A-95E6-89799C113958}.Release|Any CPU.ActiveCfg = Release|Any CPU
		{2E70DF4E-F985-456A-95E6-89799C113958}.Release|Any CPU.Build.0 = Release|Any CPU
	EndGlobalSection
	GlobalSection(SolutionProperties) = preSolution
		HideSolutionNode = FALSE
	EndGlobalSection
	GlobalSection(ExtensibilityGlobals) = postSolution
		SolutionGuid = {42D8F31E-9B32-4EB8-B8EA-B166AE2AD0F0}
	EndGlobalSection
EndGlobal
